// !$*UTF8*$!
{
	archiveVersion = 1;
	classes = {
	};
	objectVersion = 50;
	objects = {

/* Begin PBXBuildFile section */
		10E6FB2C27451B3000750F06 /* AppDelegate.swift in Sources */ = {isa = PBXBuildFile; fileRef = 10E6FB2B27451B3000750F06 /* AppDelegate.swift */; };
		10E6FB2E27451B3000750F06 /* ViewController.swift in Sources */ = {isa = PBXBuildFile; fileRef = 10E6FB2D27451B3000750F06 /* ViewController.swift */; };
		10E6FB3127451B3000750F06 /* Main.storyboard in Resources */ = {isa = PBXBuildFile; fileRef = 10E6FB2F27451B3000750F06 /* Main.storyboard */; };
		10E6FB3327451B3600750F06 /* Assets.xcassets in Resources */ = {isa = PBXBuildFile; fileRef = 10E6FB3227451B3600750F06 /* Assets.xcassets */; };
		10E6FB3B2745205200750F06 /* TableViewCell.swift in Sources */ = {isa = PBXBuildFile; fileRef = 10E6FB3A2745205200750F06 /* TableViewCell.swift */; };
		10E6FB3D2745206600750F06 /* CollectionViewCell.swift in Sources */ = {isa = PBXBuildFile; fileRef = 10E6FB3C2745206600750F06 /* CollectionViewCell.swift */; };
		10E6FB402745209000750F06 /* NewsData.swift in Sources */ = {isa = PBXBuildFile; fileRef = 10E6FB3F2745209000750F06 /* NewsData.swift */; };
		10E6FB44274532C500750F06 /* NewsArray.swift in Sources */ = {isa = PBXBuildFile; fileRef = 10E6FB43274532C500750F06 /* NewsArray.swift */; };
/* End PBXBuildFile section */

/* Begin PBXFileReference section */
		10E6FB2827451B3000750F06 /* News tvOS app.app */ = {isa = PBXFileReference; explicitFileType = wrapper.application; includeInIndex = 0; path = "News tvOS app.app"; sourceTree = BUILT_PRODUCTS_DIR; };
		10E6FB2B27451B3000750F06 /* AppDelegate.swift */ = {isa = PBXFileReference; lastKnownFileType = sourcecode.swift; path = AppDelegate.swift; sourceTree = "<group>"; };
		10E6FB2D27451B3000750F06 /* ViewController.swift */ = {isa = PBXFileReference; lastKnownFileType = sourcecode.swift; path = ViewController.swift; sourceTree = "<group>"; };
		10E6FB3027451B3000750F06 /* Base */ = {isa = PBXFileReference; lastKnownFileType = file.storyboard; name = Base; path = Base.lproj/Main.storyboard; sourceTree = "<group>"; };
		10E6FB3227451B3600750F06 /* Assets.xcassets */ = {isa = PBXFileReference; lastKnownFileType = folder.assetcatalog; path = Assets.xcassets; sourceTree = "<group>"; };
		10E6FB3427451B3600750F06 /* Info.plist */ = {isa = PBXFileReference; lastKnownFileType = text.plist.xml; path = Info.plist; sourceTree = "<group>"; };
		10E6FB3A2745205200750F06 /* TableViewCell.swift */ = {isa = PBXFileReference; lastKnownFileType = sourcecode.swift; path = TableViewCell.swift; sourceTree = "<group>"; };
		10E6FB3C2745206600750F06 /* CollectionViewCell.swift */ = {isa = PBXFileReference; lastKnownFileType = sourcecode.swift; path = CollectionViewCell.swift; sourceTree = "<group>"; };
		10E6FB3F2745209000750F06 /* NewsData.swift */ = {isa = PBXFileReference; lastKnownFileType = sourcecode.swift; path = NewsData.swift; sourceTree = "<group>"; };
		10E6FB43274532C500750F06 /* NewsArray.swift */ = {isa = PBXFileReference; lastKnownFileType = sourcecode.swift; path = NewsArray.swift; sourceTree = "<group>"; };
/* End PBXFileReference section */

/* Begin PBXFrameworksBuildPhase section */
		10E6FB2527451B3000750F06 /* Frameworks */ = {
			isa = PBXFrameworksBuildPhase;
			buildActionMask = 2147483647;
			files = (
			);
			runOnlyForDeploymentPostprocessing = 0;
		};
/* End PBXFrameworksBuildPhase section */

/* Begin PBXGroup section */
		10E6FB1F27451B2F00750F06 = {
			isa = PBXGroup;
			children = (
				10E6FB2A27451B3000750F06 /* News tvOS app */,
				10E6FB2927451B3000750F06 /* Products */,
			);
			sourceTree = "<group>";
		};
		10E6FB2927451B3000750F06 /* Products */ = {
			isa = PBXGroup;
			children = (
				10E6FB2827451B3000750F06 /* News tvOS app.app */,
			);
			name = Products;
			sourceTree = "<group>";
		};
		10E6FB2A27451B3000750F06 /* News tvOS app */ = {
			isa = PBXGroup;
			children = (
				10E6FB2B27451B3000750F06 /* AppDelegate.swift */,
				10E6FB3E2745207500750F06 /* Model */,
				10E6FB2D27451B3000750F06 /* ViewController.swift */,
				10E6FB3A2745205200750F06 /* TableViewCell.swift */,
				10E6FB3C2745206600750F06 /* CollectionViewCell.swift */,
				10E6FB2F27451B3000750F06 /* Main.storyboard */,
				10E6FB3227451B3600750F06 /* Assets.xcassets */,
				10E6FB3427451B3600750F06 /* Info.plist */,
			);
			path = "News tvOS app";
			sourceTree = "<group>";
		};
		10E6FB3E2745207500750F06 /* Model */ = {
			isa = PBXGroup;
			children = (
				10E6FB3F2745209000750F06 /* NewsData.swift */,
				10E6FB43274532C500750F06 /* NewsArray.swift */,
			);
			path = Model;
			sourceTree = "<group>";
		};
/* End PBXGroup section */

/* Begin PBXNativeTarget section */
		10E6FB2727451B3000750F06 /* News tvOS app */ = {
			isa = PBXNativeTarget;
			buildConfigurationList = 10E6FB3727451B3600750F06 /* Build configuration list for PBXNativeTarget "News tvOS app" */;
			buildPhases = (
				10E6FB2427451B3000750F06 /* Sources */,
				10E6FB2527451B3000750F06 /* Frameworks */,
				10E6FB2627451B3000750F06 /* Resources */,
			);
			buildRules = (
			);
			dependencies = (
			);
			name = "News tvOS app";
			productName = "News tvOS app";
			productReference = 10E6FB2827451B3000750F06 /* News tvOS app.app */;
			productType = "com.apple.product-type.application";
		};
/* End PBXNativeTarget section */

/* Begin PBXProject section */
		10E6FB2027451B2F00750F06 /* Project object */ = {
			isa = PBXProject;
			attributes = {
				LastSwiftUpdateCheck = 1000;
				LastUpgradeCheck = 1000;
				ORGANIZATIONNAME = nayan.khadase;
				TargetAttributes = {
					10E6FB2727451B3000750F06 = {
						CreatedOnToolsVersion = 10.0;
					};
				};
			};
			buildConfigurationList = 10E6FB2327451B2F00750F06 /* Build configuration list for PBXProject "News tvOS app" */;
			compatibilityVersion = "Xcode 9.3";
			developmentRegion = en;
			hasScannedForEncodings = 0;
			knownRegions = (
				en,
				Base,
			);
			mainGroup = 10E6FB1F27451B2F00750F06;
			productRefGroup = 10E6FB2927451B3000750F06 /* Products */;
			projectDirPath = "";
			projectRoot = "";
			targets = (
				10E6FB2727451B3000750F06 /* News tvOS app */,
			);
		};
/* End PBXProject section */

/* Begin PBXResourcesBuildPhase section */
		10E6FB2627451B3000750F06 /* Resources */ = {
			isa = PBXResourcesBuildPhase;
			buildActionMask = 2147483647;
			files = (
				10E6FB3327451B3600750F06 /* Assets.xcassets in Resources */,
				10E6FB3127451B3000750F06 /* Main.storyboard in Resources */,
			);
			runOnlyForDeploymentPostprocessing = 0;
		};
/* End PBXResourcesBuildPhase section */

/* Begin PBXSourcesBuildPhase section */
		10E6FB2427451B3000750F06 /* Sources */ = {
			isa = PBXSourcesBuildPhase;
			buildActionMask = 2147483647;
			files = (
				10E6FB44274532C500750F06 /* NewsArray.swift in Sources */,
				10E6FB3B2745205200750F06 /* TableViewCell.swift in Sources */,
				10E6FB2E27451B3000750F06 /* ViewController.swift in Sources */,
				10E6FB3D2745206600750F06 /* CollectionViewCell.swift in Sources */,
				10E6FB2C27451B3000750F06 /* AppDelegate.swift in Sources */,
				10E6FB402745209000750F06 /* NewsData.swift in Sources */,
			);
			runOnlyForDeploymentPostprocessing = 0;
		};
/* End PBXSourcesBuildPhase section */

/* Begin PBXVariantGroup section */
		10E6FB2F27451B3000750F06 /* Main.storyboard */ = {
			isa = PBXVariantGroup;
			children = (
				10E6FB3027451B3000750F06 /* Base */,
			);
			name = Main.storyboard;
			sourceTree = "<group>";
		};
/* End PBXVariantGroup section */

/* Begin XCBuildConfiguration section */
		10E6FB3527451B3600750F06 /* Debug */ = {
			isa = XCBuildConfiguration;
			buildSettings = {
				ALWAYS_SEARCH_USER_PATHS = NO;
				CLANG_ANALYZER_NONNULL = YES;
				CLANG_ANALYZER_NUMBER_OBJECT_CONVERSION = YES_AGGRESSIVE;
				CLANG_CXX_LANGUAGE_STANDARD = "gnu++14";
				CLANG_CXX_LIBRARY = "libc++";
				CLANG_ENABLE_MODULES = YES;
				CLANG_ENABLE_OBJC_ARC = YES;
				CLANG_ENABLE_OBJC_WEAK = YES;
				CLANG_WARN_BLOCK_CAPTURE_AUTORELEASING = YES;
				CLANG_WARN_BOOL_CONVERSION = YES;
				CLANG_WARN_COMMA = YES;
				CLANG_WARN_CONSTANT_CONVERSION = YES;
				CLANG_WARN_DEPRECATED_OBJC_IMPLEMENTATIONS = YES;
				CLANG_WARN_DIRECT_OBJC_ISA_USAGE = YES_ERROR;
				CLANG_WARN_DOCUMENTATION_COMMENTS = YES;
				CLANG_WARN_EMPTY_BODY = YES;
				CLANG_WARN_ENUM_CONVERSION = YES;
				CLANG_WARN_INFINITE_RECURSION = YES;
				CLANG_WARN_INT_CONVERSION = YES;
				CLANG_WARN_NON_LITERAL_NULL_CONVERSION = YES;
				CLANG_WARN_OBJC_IMPLICIT_RETAIN_SELF = YES;
				CLANG_WARN_OBJC_LITERAL_CONVERSION = YES;
				CLANG_WARN_OBJC_ROOT_CLASS = YES_ERROR;
				CLANG_WARN_RANGE_LOOP_ANALYSIS = YES;
				CLANG_WARN_STRICT_PROTOTYPES = YES;
				CLANG_WARN_SUSPICIOUS_MOVE = YES;
				CLANG_WARN_UNGUARDED_AVAILABILITY = YES_AGGRESSIVE;
				CLANG_WARN_UNREACHABLE_CODE = YES;
				CLANG_WARN__DUPLICATE_METHOD_MATCH = YES;
				COPY_PHASE_STRIP = NO;
				DEBUG_INFORMATION_FORMAT = dwarf;
				ENABLE_STRICT_OBJC_MSGSEND = YES;
				ENABLE_TESTABILITY = YES;
				GCC_C_LANGUAGE_STANDARD = gnu11;
				GCC_DYNAMIC_NO_PIC = NO;
				GCC_NO_COMMON_BLOCKS = YES;
				GCC_OPTIMIZATION_LEVEL = 0;
				GCC_PREPROCESSOR_DEFINITIONS = (
					"DEBUG=1",
					"$(inherited)",
				);
				GCC_WARN_64_TO_32_BIT_CONVERSION = YES;
				GCC_WARN_ABOUT_RETURN_TYPE = YES_ERROR;
				GCC_WARN_UNDECLARED_SELECTOR = YES;
				GCC_WARN_UNINITIALIZED_AUTOS = YES_AGGRESSIVE;
				GCC_WARN_UNUSED_FUNCTION = YES;
				GCC_WARN_UNUSED_VARIABLE = YES;
				MTL_ENABLE_DEBUG_INFO = INCLUDE_SOURCE;
				MTL_FAST_MATH = YES;
				ONLY_ACTIVE_ARCH = YES;
				SDKROOT = appletvos;
				SWIFT_ACTIVE_COMPILATION_CONDITIONS = DEBUG;
				SWIFT_OPTIMIZATION_LEVEL = "-Onone";
				TVOS_DEPLOYMENT_TARGET = 12.0;
			};
			name = Debug;
		};
		10E6FB3627451B3600750F06 /* Release */ = {
			isa = XCBuildConfiguration;
			buildSettings = {
				ALWAYS_SEARCH_USER_PATHS = NO;
				CLANG_ANALYZER_NONNULL = YES;
				CLANG_ANALYZER_NUMBER_OBJECT_CONVERSION = YES_AGGRESSIVE;
				CLANG_CXX_LANGUAGE_STANDARD = "gnu++14";
				CLANG_CXX_LIBRARY = "libc++";
				CLANG_ENABLE_MODULES = YES;
				CLANG_ENABLE_OBJC_ARC = YES;
				CLANG_ENABLE_OBJC_WEAK = YES;
				CLANG_WARN_BLOCK_CAPTURE_AUTORELEASING = YES;
				CLANG_WARN_BOOL_CONVERSION = YES;
				CLANG_WARN_COMMA = YES;
				CLANG_WARN_CONSTANT_CONVERSION = YES;
				CLANG_WARN_DEPRECATED_OBJC_IMPLEMENTATIONS = YES;
				CLANG_WARN_DIRECT_OBJC_ISA_USAGE = YES_ERROR;
				CLANG_WARN_DOCUMENTATION_COMMENTS = YES;
				CLANG_WARN_EMPTY_BODY = YES;
				CLANG_WARN_ENUM_CONVERSION = YES;
				CLANG_WARN_INFINITE_RECURSION = YES;
				CLANG_WARN_INT_CONVERSION = YES;
				CLANG_WARN_NON_LITERAL_NULL_CONVERSION = YES;
				CLANG_WARN_OBJC_IMPLICIT_RETAIN_SELF = YES;
				CLANG_WARN_OBJC_LITERAL_CONVERSION = YES;
				CLANG_WARN_OBJC_ROOT_CLASS = YES_ERROR;
				CLANG_WARN_RANGE_LOOP_ANALYSIS = YES;
				CLANG_WARN_STRICT_PROTOTYPES = YES;
				CLANG_WARN_SUSPICIOUS_MOVE = YES;
				CLANG_WARN_UNGUARDED_AVAILABILITY = YES_AGGRESSIVE;
				CLANG_WARN_UNREACHABLE_CODE = YES;
				CLANG_WARN__DUPLICATE_METHOD_MATCH = YES;
				COPY_PHASE_STRIP = NO;
				DEBUG_INFORMATION_FORMAT = "dwarf-with-dsym";
				ENABLE_NS_ASSERTIONS = NO;
				ENABLE_STRICT_OBJC_MSGSEND = YES;
				GCC_C_LANGUAGE_STANDARD = gnu11;
				GCC_NO_COMMON_BLOCKS = YES;
				GCC_WARN_64_TO_32_BIT_CONVERSION = YES;
				GCC_WARN_ABOUT_RETURN_TYPE = YES_ERROR;
				GCC_WARN_UNDECLARED_SELECTOR = YES;
				GCC_WARN_UNINITIALIZED_AUTOS = YES_AGGRESSIVE;
				GCC_WARN_UNUSED_FUNCTION = YES;
				GCC_WARN_UNUSED_VARIABLE = YES;
				MTL_ENABLE_DEBUG_INFO = NO;
				MTL_FAST_MATH = YES;
				SDKROOT = appletvos;
				SWIFT_COMPILATION_MODE = wholemodule;
				SWIFT_OPTIMIZATION_LEVEL = "-O";
				TVOS_DEPLOYMENT_TARGET = 12.0;
				VALIDATE_PRODUCT = YES;
			};
			name = Release;
		};
		10E6FB3827451B3600750F06 /* Debug */ = {
			isa = XCBuildConfiguration;
			buildSettings = {
				ASSETCATALOG_COMPILER_APPICON_NAME = "App Icon & Top Shelf Image";
				ASSETCATALOG_COMPILER_LAUNCHIMAGE_NAME = LaunchImage;
				CODE_SIGN_STYLE = Automatic;
				INFOPLIST_FILE = "News tvOS app/Info.plist";
				LD_RUNPATH_SEARCH_PATHS = (
					"$(inherited)",
					"@executable_path/Frameworks",
				);
				PRODUCT_BUNDLE_IDENTIFIER = "com.nayan.News-tvOS-app";
				PRODUCT_NAME = "$(TARGET_NAME)";
				SWIFT_VERSION = 4.2;
				TARGETED_DEVICE_FAMILY = 3;
			};
			name = Debug;
		};
		10E6FB3927451B3600750F06 /* Release */ = {
			isa = XCBuildConfiguration;
			buildSettings = {
				ASSETCATALOG_COMPILER_APPICON_NAME = "App Icon & Top Shelf Image";
				ASSETCATALOG_COMPILER_LAUNCHIMAGE_NAME = LaunchImage;
				CODE_SIGN_STYLE = Automatic;
				INFOPLIST_FILE = "News tvOS app/Info.plist";
				LD_RUNPATH_SEARCH_PATHS = (
					"$(inherited)",
					"@executable_path/Frameworks",
				);
				PRODUCT_BUNDLE_IDENTIFIER = "com.nayan.News-tvOS-app";
				PRODUCT_NAME = "$(TARGET_NAME)";
				SWIFT_VERSION = 4.2;
				TARGETED_DEVICE_FAMILY = 3;
			};
			name = Release;
		};
/* End XCBuildConfiguration section */

/* Begin XCConfigurationList section */
		10E6FB2327451B2F00750F06 /* Build configuration list for PBXProject "News tvOS app" */ = {
			isa = XCConfigurationList;
			buildConfigurations = (
				10E6FB3527451B3600750F06 /* Debug */,
				10E6FB3627451B3600750F06 /* Release */,
			);
			defaultConfigurationIsVisible = 0;
			defaultConfigurationName = Release;
		};
		10E6FB3727451B3600750F06 /* Build configuration list for PBXNativeTarget "News tvOS app" */ = {
			isa = XCConfigurationList;
			buildConfigurations = (
				10E6FB3827451B3600750F06 /* Debug */,
				10E6FB3927451B3600750F06 /* Release */,
			);
			defaultConfigurationIsVisible = 0;
			defaultConfigurationName = Release;
		};
/* End XCConfigurationList section */
	};
	rootObject = 10E6FB2027451B2F00750F06 /* Project object */;
}
